
Microsoft Visual Studio Solution File, Format Version 12.00
# Visual Studio Version 16
VisualStudioVersion = 16.0.30717.126
MinimumVisualStudioVersion = 10.0.40219.1
Project("{FAE04EC0-301F-11D3-BF4B-00C04F79EFBC}") = "RRDemo.Plugins", "RRDemo.Plugins\RRDemo.Plugins.csproj", "{B8A34F88-814B-481F-A19B-DEF2E6466542}"
EndProject
Global
	GlobalSection(SolutionConfigurationPlatforms) = preSolution
		Debug|Any CPU = Debug|Any CPU
		Release|Any CPU = Release|Any CPU
	EndGlobalSection
	GlobalSection(ProjectConfigurationPlatforms) = postSolution
		{B8A34F88-814B-481F-A19B-DEF2E6466542}.Debug|Any CPU.ActiveCfg = Debug|Any CPU
		{B8A34F88-814B-481F-A19B-DEF2E6466542}.Debug|Any CPU.Build.0 = Debug|Any CPU
		{B8A34F88-814B-481F-A19B-DEF2E6466542}.Release|Any CPU.ActiveCfg = Release|Any CPU
		{B8A34F88-814B-481F-A19B-DEF2E6466542}.Release|Any CPU.Build.0 = Release|Any CPU
	EndGlobalSection
	GlobalSection(SolutionProperties) = preSolution
		HideSolutionNode = FALSE
	EndGlobalSection
	GlobalSection(ExtensibilityGlobals) = postSolution
		SolutionGuid = {CE5D8D2A-33B3-4C65-B641-E5D0BEE7C64F}
	EndGlobalSection
EndGlobal
